version: 1
checksums:
  88222ac1ce5ca15a780a867dea6a3e83:
    locale: cdbbce7452d5b27f1b4ad1eec67ea0fb
    entries/da4b498ad32d: 9bd981248ccff98931bad6fdb1b13c2e
    entries/b1aa5063f898: cfbee44f7f322698410761952c49db48
    entries/bcf37562c204: 11851d80744118114cfa9387f5ac97e5
    entries/a88b08fd801f: a60426e7edadc0dd6ba1e95838e1b438
    entries/3850bf77c578: 1563fcb5ddb5037b0709ccd3dd384a92
    entries/a7dc20430cd1: 958f57d2b5d4ed5c7a6e1a76c5bb32dc
    entries/ec2993972c5c: 34d237335d149918a3cc4dd90720c6b9
    entries/72c1e1b3fa0f: 39579b00a648b6b92f3918eba245e351
    entries/437320feab17: 6371e7ccef6efec8124718654df1324a
    entries/db3098f41e71: f69f0a3af88f187910e8fc6b604a1d08
    entries/cda1acfee5bb: fca5fa58f95fba7ecabd182393ab4b8f
    entries/861582cad2f7: a03cbd25ad34ec762c35441d6c5a86b5
    entries/8ca69074eb0c: 5a9a8bc26f90d84c90105690a2eb23a1
    entries/70821947cf7e: 95142d3fd8b6a6f551aba771842e9c11
    entries/40a07ebc5d98: 5d6f98edcfb9c62bb1963598eebc2436
    entries/cbc3a596df28: e0d3b0970717d49162ae88f037619bc5
    entries/dc315567f86f: f09226639f00641ea7f4631b6f0601fe
    entries/fc3cb23fde0b: 983ada80c9a6d3a680e06d661b0783c0
    entries/ba4bdf3ff019: 828b55fcfc6350fc9e51a7815b51bc78
    entries/9d95fafac17b: bfbaa936c5f21f680a8db8ddb15e1920
    entries/0eb7d622adf4: a0dc07e3fde8ba3b380694845bfd24ca
    entries/da59466bc76a: f5fb269c8406736788b7785a0c68e500
    entries/e0c0151d293e: 6371e7ccef6efec8124718654df1324a
    entries/d6ddf6948904: 0ac9a8314e2f86f5858ed247eb3255f8
    entries/1e16ee64bdf0: 3ba74390f73a6e7c9e601f2ce4dbab54
    entries/d5cb72b5b500: ff5d5b628f04a42cf4548929937918cd
    entries/0de2575243ef: 9bd981248ccff98931bad6fdb1b13c2e
    entries/32104375dec6: 6b6f88e2fa5a1ecec6cebf813abaeebb
    entries/734cdc15fbf0: dd03ee6b83901fc440f90236483dafc5
    entries/df9518920f1e: dd03ee6b83901fc440f90236483dafc5
    entries/804d7078043c: c4250550ee7fa1ae96ef5307b31ae57d
    entries/ec7975003dd4: 2a3b9682ebc54233cac3e977bce5da81
    entries/4903706b6c08: d45ee11ea7de6fc25ffb99c23fda7001
    entries/c4345e38ea5c: 4ba4cf32e6db34da146dfb07be37f833
    entries/2b1a3333e46f: a1783d884f91c0b1b29bf946df2cf32b
    entries/e7408af2b38a: ec9e187a11d86009d8d33c445457189f
    entries/a7dfe3e4a37e: d5e976531949e301acf9170b73a59771
    entries/b8199782e8d1: b6d6edc5c845f9d7dfabec65c630e52b
    entries/8b19c1422732: 301b7f082191b82321521e23cf9be20b
    entries/b3985d88e069: b0f9b00c0164eb2d8b5efeb3028d1f7e
    entries/a787d91cf68a: 79b1010e9cc4d20acb15e9810527e4bd
    entries/ea3f41f153b6: 6049c47e2827e02a0c9db088fd755219
    entries/32190d6f4f69: 5f5c9cbc765c4552dcac3565bec413a3
    entries/a92d478ecbb1: 42577f0d1f64e14fbcb04d1c43368b8b
    entries/d03deee658f2: 7f5601beb2df2b937a16778e938712c9
    entries/789dde11e992: 65d2ecf8abe65b2f3add7a45af8d7e7c
    entries/73d5db78b328: 1119cea2a9fc74d1d0c0854d4faad99d
    entries/ca56ca679d9b: 7305150dff85330a8f26489683226aa6
    entries/0a88295f0292: 892e041be2ccad56fbe14bc64684f4da
    entries/2892c7a57b80: 245555a35063dd18aedaa83888417360
    entries/3976f3fc326f: fa829d60efb9def6b55f06cdeba6361c
    entries/477cc4b0e861: a468bac0b5e7433179ea643c527ca1ed
    entries/4160013a8b75: f778978187cc51f4a559075c440ff90b
    entries/87f760e982d0: cb7ef95c15d36414d9235c2486f318e0
    entries/19fdcbfaa7ad: e44adacad8bb10ce305d904236571138
    entries/b744112bfab1: a0ae9c6ff98b57475cdce56f66066aa4
    entries/79de98d544cb: 31a26e58179e0f8d985e8c3babac6ea0
    entries/3794b6dff3b4: 8f073e9379447886cc13b70915651970
    entries/3fe12f7405ee: 58f9c34012b8ce9338d0e8040ea71dfe
    entries/03b524f433db: 23524857b15c9d6cf424447d3ad281ad
    entries/48c078242eb3: 508a3032a02f5206d6060ca71870f457
    entries/ff50ab8f87c2: b953b4e25d89d8fc01363a5db351a411
    entries/dd52620e88e2: 109bac8d3b5e02296792c189ef0fafb5
    entries/d3e562497d5d: 32963d5b4118dc97b98500a757d001c6
    entries/a114443f030e: 716435170fd063bc8f8505e41a506712
    entries/ba54b8be65b1: d5e976531949e301acf9170b73a59771
    entries/87cecdd828ce: d2ba9a9cea418ea653e3ca6785617a3f
    entries/0368d3ae1aba: 2789f8391f63e7200a5521078aab017d
    entries/22fed6e6a78d: 56f41c5d30a76295bb087b20b7bee4c3
    entries/397f3fb13f9d: 4f2679ed472a8fab4257b3142224ae8a
    entries/cf46e4f265b9: b883573f851e441c919fef96aa82f7fe
    entries/eabc014a6b52: 85e8f917bf8b05dfbefe582cf1fe69a0
